
Microsoft Visual Studio Solution File, Format Version 12.00
# Visual Studio Version 17
VisualStudioVersion = 17.14.36518.9 d17.14
MinimumVisualStudioVersion = 10.0.40219.1
Project("{FAE04EC0-301F-11D3-BF4B-00C04F79EFBC}") = "Portfolio", "Portfolio.csproj", "{CA89FAD2-1183-4358-8A97-1A0DE0050080}"
EndProject
Global
	GlobalSection(SolutionConfigurationPlatforms) = preSolution
		Debug|Any CPU = Debug|Any CPU
		Release|Any CPU = Release|Any CPU
	EndGlobalSection
	GlobalSection(ProjectConfigurationPlatforms) = postSolution
		{CA89FAD2-1183-4358-8A97-1A0DE0050080}.Debug|Any CPU.ActiveCfg = Debug|Any CPU
		{CA89FAD2-1183-4358-8A97-1A0DE0050080}.Debug|Any CPU.Build.0 = Debug|Any CPU
		{CA89FAD2-1183-4358-8A97-1A0DE0050080}.Release|Any CPU.ActiveCfg = Release|Any CPU
		{CA89FAD2-1183-4358-8A97-1A0DE0050080}.Release|Any CPU.Build.0 = Release|Any CPU
	EndGlobalSection
	GlobalSection(SolutionProperties) = preSolution
		HideSolutionNode = FALSE
	EndGlobalSection
	GlobalSection(ExtensibilityGlobals) = postSolution
		SolutionGuid = {1EC7B62F-5B98-4B0F-8268-CC58BC7259B4}
	EndGlobalSection
EndGlobal
